
Microsoft Visual Studio Solution File, Format Version 12.00
# Visual Studio 2012
Project("{FAE04EC0-301F-11D3-BF4B-00C04F79EFBC}") = "PrototypeClient", "PrototypeClient\PrototypeClient.csproj", "{044AF50B-16B3-4EE9-A814-1CD28D851635}"
EndProject
Project("{FAE04EC0-301F-11D3-BF4B-00C04F79EFBC}") = "Knightrunner.WorkTrack2013.Contract", "Knightrunner.WorkTrack2013.Contract\Knightrunner.WorkTrack2013.Contract.csproj", "{3825EA26-38B4-4207-906A-393B27C15421}"
EndProject
Project("{FAE04EC0-301F-11D3-BF4B-00C04F79EFBC}") = "Knightrunner.WorkTrack2013.Database", "Knightrunner.WorkTrack2013.Database\Knightrunner.WorkTrack2013.Database.csproj", "{36FFFF7C-5700-4D57-BCED-AA3371914F0B}"
EndProject
Global
	GlobalSection(SolutionConfigurationPlatforms) = preSolution
		Debug|Any CPU = Debug|Any CPU
		Release|Any CPU = Release|Any CPU
	EndGlobalSection
	GlobalSection(ProjectConfigurationPlatforms) = postSolution
		{044AF50B-16B3-4EE9-A814-1CD28D851635}.Debug|Any CPU.ActiveCfg = Debug|Any CPU
		{044AF50B-16B3-4EE9-A814-1CD28D851635}.Debug|Any CPU.Build.0 = Debug|Any CPU
		{044AF50B-16B3-4EE9-A814-1CD28D851635}.Release|Any CPU.ActiveCfg = Release|Any CPU
		{044AF50B-16B3-4EE9-A814-1CD28D851635}.Release|Any CPU.Build.0 = Release|Any CPU
		{3825EA26-38B4-4207-906A-393B27C15421}.Debug|Any CPU.ActiveCfg = Debug|Any CPU
		{3825EA26-38B4-4207-906A-393B27C15421}.Debug|Any CPU.Build.0 = Debug|Any CPU
		{3825EA26-38B4-4207-906A-393B27C15421}.Release|Any CPU.ActiveCfg = Release|Any CPU
		{3825EA26-38B4-4207-906A-393B27C15421}.Release|Any CPU.Build.0 = Release|Any CPU
		{36FFFF7C-5700-4D57-BCED-AA3371914F0B}.Debug|Any CPU.ActiveCfg = Debug|Any CPU
		{36FFFF7C-5700-4D57-BCED-AA3371914F0B}.Debug|Any CPU.Build.0 = Debug|Any CPU
		{36FFFF7C-5700-4D57-BCED-AA3371914F0B}.Release|Any CPU.ActiveCfg = Release|Any CPU
		{36FFFF7C-5700-4D57-BCED-AA3371914F0B}.Release|Any CPU.Build.0 = Release|Any CPU
	EndGlobalSection
	GlobalSection(SolutionProperties) = preSolution
		HideSolutionNode = FALSE
	EndGlobalSection
EndGlobal
