
Microsoft Visual Studio Solution File, Format Version 12.00
# Visual Studio 14
VisualStudioVersion = 14.0.23107.0
MinimumVisualStudioVersion = 10.0.40219.1
Project("{FAE04EC0-301F-11D3-BF4B-00C04F79EFBC}") = "Marson.Compare.WinForms", "Marson.Compare.WinForms\Marson.Compare.WinForms.csproj", "{A5A87A62-D359-4D33-9DEA-D0D715FDACB3}"
EndProject
Project("{FAE04EC0-301F-11D3-BF4B-00C04F79EFBC}") = "Marson.Compare.Core", "Marson.Compare.Core\Marson.Compare.Core.csproj", "{635F5B4A-25F4-477A-83D6-B8DA3BDCBD64}"
EndProject
Project("{FAE04EC0-301F-11D3-BF4B-00C04F79EFBC}") = "Marson.Compare.Core.Test", "Marson.Compare.Core.Test\Marson.Compare.Core.Test.csproj", "{C59D451B-F883-49EF-B86F-1F94FAD9FA78}"
EndProject
Global
	GlobalSection(SolutionConfigurationPlatforms) = preSolution
		Debug|Any CPU = Debug|Any CPU
		Release|Any CPU = Release|Any CPU
	EndGlobalSection
	GlobalSection(ProjectConfigurationPlatforms) = postSolution
		{A5A87A62-D359-4D33-9DEA-D0D715FDACB3}.Debug|Any CPU.ActiveCfg = Debug|Any CPU
		{A5A87A62-D359-4D33-9DEA-D0D715FDACB3}.Debug|Any CPU.Build.0 = Debug|Any CPU
		{A5A87A62-D359-4D33-9DEA-D0D715FDACB3}.Release|Any CPU.ActiveCfg = Release|Any CPU
		{A5A87A62-D359-4D33-9DEA-D0D715FDACB3}.Release|Any CPU.Build.0 = Release|Any CPU
		{635F5B4A-25F4-477A-83D6-B8DA3BDCBD64}.Debug|Any CPU.ActiveCfg = Debug|Any CPU
		{635F5B4A-25F4-477A-83D6-B8DA3BDCBD64}.Debug|Any CPU.Build.0 = Debug|Any CPU
		{635F5B4A-25F4-477A-83D6-B8DA3BDCBD64}.Release|Any CPU.ActiveCfg = Release|Any CPU
		{635F5B4A-25F4-477A-83D6-B8DA3BDCBD64}.Release|Any CPU.Build.0 = Release|Any CPU
		{C59D451B-F883-49EF-B86F-1F94FAD9FA78}.Debug|Any CPU.ActiveCfg = Debug|Any CPU
		{C59D451B-F883-49EF-B86F-1F94FAD9FA78}.Debug|Any CPU.Build.0 = Debug|Any CPU
		{C59D451B-F883-49EF-B86F-1F94FAD9FA78}.Release|Any CPU.ActiveCfg = Release|Any CPU
		{C59D451B-F883-49EF-B86F-1F94FAD9FA78}.Release|Any CPU.Build.0 = Release|Any CPU
	EndGlobalSection
	GlobalSection(SolutionProperties) = preSolution
		HideSolutionNode = FALSE
	EndGlobalSection
EndGlobal
